# THIS IS AN AUTOGENERATED FILE. DO NOT EDIT THIS FILE DIRECTLY.
# yarn lockfile v1


"@types/debug@^4.1.4":
  version "4.1.4"
  resolved "https://registry.yarnpkg.com/@types/debug/-/debug-4.1.4.tgz#56eec47706f0fd0b7c694eae2f3172e6b0b769da"
  integrity sha512-D9MyoQFI7iP5VdpEyPZyjjqIJ8Y8EDNQFIFVLOmeg1rI1xiHOChyUPMPRUVfqFCerxfE+yS3vMyj37F6IdtOoQ==

"@types/node-fetch@^2.3.3":
  version "2.3.3"
  resolved "https://registry.yarnpkg.com/@types/node-fetch/-/node-fetch-2.3.3.tgz#eb9c2a0ce8e9424ebe0c0cbe6f1e8ea7576c1310"
  integrity sha512-MIplfRxrDTsIbOLGyFqNWTmxho5Fs710Kul35tEcaqkx9He86mGbSCDvILL0LCMfmm+oJ8tDg51crE9+pJGgiQ==
  dependencies:
    "@types/node" "*"

"@types/node@*":
  version "12.0.0"
  resolved "https://registry.yarnpkg.com/@types/node/-/node-12.0.0.tgz#d11813b9c0ff8aaca29f04cbc12817f4c7d656e5"
  integrity sha512-Jrb/x3HT4PTJp6a4avhmJCDEVrPdqLfl3e8GGMbpkGGdwAV5UGlIs4vVEfsHHfylZVOKZWpOqmqFH8CbfOZ6kg==

debug@^4.1.1:
  version "4.1.1"
  resolved "https://registry.yarnpkg.com/debug/-/debug-4.1.1.tgz#3b72260255109c6b589cee050f1d516139664791"
  integrity sha512-pYAIzeRo8J6KPEaJ0VWOh5Pzkbw/RetuzehGM7QRRX5he4fPHx2rdKMB256ehJCkX+XRQm16eZLqLNS8RSZXZw==
  dependencies:
    ms "^2.1.1"

jsonrpc-lite@^2.0.7:
  version "2.0.7"
  resolved "https://registry.yarnpkg.com/jsonrpc-lite/-/jsonrpc-lite-2.0.7.tgz#471c9c364cd3aae6e665f93f7f1da0536edb1048"
  integrity sha512-BzDgvW9iZzVS0hgWaoM1RhBg4eRDqy+JjJtD2+23MbWd+H30ld8qWkUW1LtnHliL4QlYwrYur8ZZkVpiyPkrYQ==

ms@^2.1.1:
  version "2.1.1"
  resolved "https://registry.yarnpkg.com/ms/-/ms-2.1.1.tgz#30a5864eb3ebb0a66f2ebe6d727af06a09d86e0a"
  integrity sha512-tgp+dl5cGk28utYktBsrFqA7HKgrhgPsg6Z/EfhWI4gl1Hwq8B/GmY/0oXZ6nF8hDVesS/FpnYaD/kOWhYQvyg==

node-fetch@^2.5.0:
  version "2.5.0"
  resolved "https://registry.yarnpkg.com/node-fetch/-/node-fetch-2.5.0.tgz#8028c49fc1191bba56a07adc6e2a954644a48501"
  integrity sha512-YuZKluhWGJwCcUu4RlZstdAxr8bFfOVHakc1mplwHkk8J+tqM1Y5yraYvIUpeX8aY7+crCwiELJq7Vl0o0LWXw==

typescript@^3.4.5:
  version "3.4.5"
  resolved "https://registry.yarnpkg.com/typescript/-/typescript-3.4.5.tgz#2d2618d10bb566572b8d7aad5180d84257d70a99"
  integrity sha512-YycBxUb49UUhdNMU5aJ7z5Ej2XGmaIBL0x34vZ82fn3hGvD+bgrMrVDpatgz2f7YxUMJxMkbWxJZeAvDxVe7Vw==
